
Microsoft Visual Studio Solution File, Format Version 12.00
# Visual Studio 14
VisualStudioVersion = 14.0.25420.1
MinimumVisualStudioVersion = 10.0.40219.1
Project("{FAE04EC0-301F-11D3-BF4B-00C04F79EFBC}") = "DesignPattern", "DesignPattern\DesignPattern.csproj", "{D25218FF-91CD-46DA-AB3B-851A63884FEB}"
EndProject
Project("{FAE04EC0-301F-11D3-BF4B-00C04F79EFBC}") = "SRP", "SRP\SRP.csproj", "{2D48A927-8541-411E-BAB7-676C532D975D}"
EndProject
Project("{FAE04EC0-301F-11D3-BF4B-00C04F79EFBC}") = "LSP", "LSP\LSP.csproj", "{0B44103A-4477-4A6D-8EC3-779323357664}"
EndProject
Project("{FAE04EC0-301F-11D3-BF4B-00C04F79EFBC}") = "DIP", "DIP\DIP.csproj", "{F3569B12-C2DA-4A70-8337-380B35AC23BA}"
EndProject
Project("{FAE04EC0-301F-11D3-BF4B-00C04F79EFBC}") = "ISP", "ISP\ISP.csproj", "{81C4581C-3BD1-45CD-A291-0320DA33C779}"
EndProject
Project("{FAE04EC0-301F-11D3-BF4B-00C04F79EFBC}") = "LKP", "LKP\LKP.csproj", "{11388014-4E5E-46AC-A316-E574B2A10B26}"
EndProject
Global
	GlobalSection(SolutionConfigurationPlatforms) = preSolution
		Debug|Any CPU = Debug|Any CPU
		Release|Any CPU = Release|Any CPU
	EndGlobalSection
	GlobalSection(ProjectConfigurationPlatforms) = postSolution
		{D25218FF-91CD-46DA-AB3B-851A63884FEB}.Debug|Any CPU.ActiveCfg = Debug|Any CPU
		{D25218FF-91CD-46DA-AB3B-851A63884FEB}.Debug|Any CPU.Build.0 = Debug|Any CPU
		{D25218FF-91CD-46DA-AB3B-851A63884FEB}.Release|Any CPU.ActiveCfg = Release|Any CPU
		{D25218FF-91CD-46DA-AB3B-851A63884FEB}.Release|Any CPU.Build.0 = Release|Any CPU
		{2D48A927-8541-411E-BAB7-676C532D975D}.Debug|Any CPU.ActiveCfg = Debug|Any CPU
		{2D48A927-8541-411E-BAB7-676C532D975D}.Debug|Any CPU.Build.0 = Debug|Any CPU
		{2D48A927-8541-411E-BAB7-676C532D975D}.Release|Any CPU.ActiveCfg = Release|Any CPU
		{2D48A927-8541-411E-BAB7-676C532D975D}.Release|Any CPU.Build.0 = Release|Any CPU
		{0B44103A-4477-4A6D-8EC3-779323357664}.Debug|Any CPU.ActiveCfg = Debug|Any CPU
		{0B44103A-4477-4A6D-8EC3-779323357664}.Debug|Any CPU.Build.0 = Debug|Any CPU
		{0B44103A-4477-4A6D-8EC3-779323357664}.Release|Any CPU.ActiveCfg = Release|Any CPU
		{0B44103A-4477-4A6D-8EC3-779323357664}.Release|Any CPU.Build.0 = Release|Any CPU
		{F3569B12-C2DA-4A70-8337-380B35AC23BA}.Debug|Any CPU.ActiveCfg = Debug|Any CPU
		{F3569B12-C2DA-4A70-8337-380B35AC23BA}.Debug|Any CPU.Build.0 = Debug|Any CPU
		{F3569B12-C2DA-4A70-8337-380B35AC23BA}.Release|Any CPU.ActiveCfg = Release|Any CPU
		{F3569B12-C2DA-4A70-8337-380B35AC23BA}.Release|Any CPU.Build.0 = Release|Any CPU
		{81C4581C-3BD1-45CD-A291-0320DA33C779}.Debug|Any CPU.ActiveCfg = Debug|Any CPU
		{81C4581C-3BD1-45CD-A291-0320DA33C779}.Debug|Any CPU.Build.0 = Debug|Any CPU
		{81C4581C-3BD1-45CD-A291-0320DA33C779}.Release|Any CPU.ActiveCfg = Release|Any CPU
		{81C4581C-3BD1-45CD-A291-0320DA33C779}.Release|Any CPU.Build.0 = Release|Any CPU
		{11388014-4E5E-46AC-A316-E574B2A10B26}.Debug|Any CPU.ActiveCfg = Debug|Any CPU
		{11388014-4E5E-46AC-A316-E574B2A10B26}.Debug|Any CPU.Build.0 = Debug|Any CPU
		{11388014-4E5E-46AC-A316-E574B2A10B26}.Release|Any CPU.ActiveCfg = Release|Any CPU
		{11388014-4E5E-46AC-A316-E574B2A10B26}.Release|Any CPU.Build.0 = Release|Any CPU
	EndGlobalSection
	GlobalSection(SolutionProperties) = preSolution
		HideSolutionNode = FALSE
	EndGlobalSection
EndGlobal
